<?xml version="1.0" encoding="UTF-8"?>
<Scheme
   version = "1.3">
   <BuildAction>
      <BuildActionEntries>
         <BuildActionEntry
            buildForRunning = "YES">
            <BuildableReference
               BuildableIdentifier = "primary"
               BlueprintIdentifier = "DE3D02BB02858AD17EAC68A9"
               BuildableName = "walker_sctp_client"
               BlueprintName = "walker_sctp_client"
               ReferencedContainer = "container:walker_sctp_client.xcodeproj">
            </BuildableReference>
         </BuildActionEntry>
      </BuildActionEntries>
   </BuildAction>
   <LaunchAction
      useCustomWorkingDirectory = "NO"
      buildConfiguration = "Debug">
      <BuildableProductRunnable>
         <BuildableReference
            BuildableIdentifier = "primary"
            BlueprintIdentifier = "DE3D02BB02858AD17EAC68A9"
            BuildableName = "walker_sctp_client"
            BlueprintName = "walker_sctp_client"
            ReferencedContainer = "container:walker_sctp_client.xcodeproj">
         </BuildableReference>
      </BuildableProductRunnable>
   </LaunchAction>
</Scheme>
